
Microsoft Visual Studio Solution File, Format Version 12.00
Project("{FAE04EC0-301F-11D3-BF4B-00C04F79EFBC}") = "LoggingSourceGenerator", "LoggingSourceGenerator.csproj", "{2FB99897-5615-4279-974B-DBAFFF2C99CD}"
EndProject
Global
	GlobalSection(SolutionConfigurationPlatforms) = preSolution
		Debug|Any CPU = Debug|Any CPU
		Release|Any CPU = Release|Any CPU
	EndGlobalSection
	GlobalSection(ProjectConfigurationPlatforms) = postSolution
		{2FB99897-5615-4279-974B-DBAFFF2C99CD}.Debug|Any CPU.ActiveCfg = Debug|Any CPU
		{2FB99897-5615-4279-974B-DBAFFF2C99CD}.Debug|Any CPU.Build.0 = Debug|Any CPU
		{2FB99897-5615-4279-974B-DBAFFF2C99CD}.Release|Any CPU.ActiveCfg = Release|Any CPU
		{2FB99897-5615-4279-974B-DBAFFF2C99CD}.Release|Any CPU.Build.0 = Release|Any CPU
	EndGlobalSection
EndGlobal
